# THIS IS AN AUTOGENERATED FILE. DO NOT EDIT THIS FILE DIRECTLY.
# yarn lockfile v1


sweetalert2@^10.9.1:
  version "10.9.1"
  resolved "https://registry.yarnpkg.com/sweetalert2/-/sweetalert2-10.9.1.tgz#e3df396230d829925dbb30aadea5430b5e17dec1"
  integrity sha512-StLC1DI646iYUWH4I35HDytfLaz5lBAyvc0rGZ1yx+U8y4NJIcOKbgAFocgM+J4PElGCB6/EZMfTt4JhUAtF5g==
